
Microsoft Visual Studio Solution File, Format Version 12.00
# Visual Studio Version 17
VisualStudioVersion = 17.0.31919.166
MinimumVisualStudioVersion = 10.0.40219.1
Project("{FAE04EC0-301F-11D3-BF4B-00C04F79EFBC}") = "ExampleSQLApp", "ExampleSQLApp.csproj", "{8280114F-C98C-43B9-BAC4-9102268044F1}"
EndProject
Global
	GlobalSection(SolutionConfigurationPlatforms) = preSolution
		Debug|Any CPU = Debug|Any CPU
		Release|Any CPU = Release|Any CPU
	EndGlobalSection
	GlobalSection(ProjectConfigurationPlatforms) = postSolution
		{8280114F-C98C-43B9-BAC4-9102268044F1}.Debug|Any CPU.ActiveCfg = Debug|Any CPU
		{8280114F-C98C-43B9-BAC4-9102268044F1}.Debug|Any CPU.Build.0 = Debug|Any CPU
		{8280114F-C98C-43B9-BAC4-9102268044F1}.Release|Any CPU.ActiveCfg = Release|Any CPU
		{8280114F-C98C-43B9-BAC4-9102268044F1}.Release|Any CPU.Build.0 = Release|Any CPU
	EndGlobalSection
	GlobalSection(SolutionProperties) = preSolution
		HideSolutionNode = FALSE
	EndGlobalSection
	GlobalSection(ExtensibilityGlobals) = postSolution
		SolutionGuid = {0A16CC5A-90ED-4457-B406-22DBD9CE9C6F}
	EndGlobalSection
EndGlobal
